{
  "name": "travel-agency-app",
  "lockfileVersion": 3,
  "requires": true,
  "packages": {
    "": {
      "dependencies": {
        "@syncfusion/ej2-base": "^29.2.4",
        "@syncfusion/ej2-react-buttons": "^29.2.5",
        "@syncfusion/ej2-react-charts": "^29.2.5",
        "@syncfusion/ej2-react-dropdowns": "^29.2.5",
        "@syncfusion/ej2-react-grids": "^29.2.5",
        "@syncfusion/ej2-react-maps": "^29.2.4",
        "@syncfusion/ej2-react-navigations": "^29.2.5",
        "@syncfusion/ej2-react-splitbuttons": "^29.2.4",
        "clsx": "^2.1.1",
        "tailwind-merge": "^3.3.0"
      }
    },
    "node_modules/@syncfusion/ej2-base": {
      "version": "29.2.4",
      "resolved": "https://registry.npmjs.org/@syncfusion/ej2-base/-/ej2-base-29.2.4.tgz",
      "integrity": "sha512-ka+ClGOvb4RzyPq5sveOO8TUMjIvSOBwExnbOG47YwMrC0RGJSNc6wJlhtm+6ZtmHx457oyH7c/WEj5wfV2B4w==",
      "license": "SEE LICENSE IN license",
      "dependencies": {
        "@syncfusion/ej2-icons": "~29.2.4"
      },
      "bin": {
        "syncfusion-license": "bin/syncfusion-license.js"
      }
    },
    "node_modules/@syncfusion/ej2-buttons": {
      "version": "29.2.5",
      "resolved": "https://registry.npmjs.org/@syncfusion/ej2-buttons/-/ej2-buttons-29.2.5.tgz",
      "integrity": "sha512-FbMi9rUi/7i8mpPA6KRaO7qW/3wIeH759u2/Ag0iMQUEdtdK7NvOCSFF29WESeBjW6GmEJ8zkW0340ymgXZruQ==",
      "license": "SEE LICENSE IN license",
      "dependencies": {
        "@syncfusion/ej2-base": "~29.2.4"
      }
    },
    "node_modules/@syncfusion/ej2-calendars": {
      "version": "29.2.5",
      "resolved": "https://registry.npmjs.org/@syncfusion/ej2-calendars/-/ej2-calendars-29.2.5.tgz",
      "integrity": "sha512-CIKB1ZMGasgau7E0FWJqrYV0dUQ0MCWlESrMnWFZ5sncsFHRVit7+JVgZdwZfmGKTPZuatq+ACUYOMJS0Le76g==",
      "license": "SEE LICENSE IN license",
      "dependencies": {
        "@syncfusion/ej2-base": "~29.2.4",
        "@syncfusion/ej2-buttons": "~29.2.5",
        "@syncfusion/ej2-inputs": "~29.2.5",
        "@syncfusion/ej2-lists": "~29.2.4",
        "@syncfusion/ej2-popups": "~29.2.4"
      }
    },
    "node_modules/@syncfusion/ej2-charts": {
      "version": "29.2.5",
      "resolved": "https://registry.npmjs.org/@syncfusion/ej2-charts/-/ej2-charts-29.2.5.tgz",
      "integrity": "sha512-IM/aGWa3ldXrXZAR8b4cT3nkCuhQyNHvIIxnPRR92Su6nA55gY12ORlQu4AURfLef+QPZe2DXqdjbhWXqFTJ3w==",
      "license": "SEE LICENSE IN license",
      "dependencies": {
        "@syncfusion/ej2-base": "~29.2.4",
        "@syncfusion/ej2-calendars": "~29.2.5",
        "@syncfusion/ej2-data": "~29.2.4",
        "@syncfusion/ej2-excel-export": "~29.2.4",
        "@syncfusion/ej2-navigations": "~29.2.5",
        "@syncfusion/ej2-pdf-export": "~29.2.4",
        "@syncfusion/ej2-svg-base": "~29.2.4"
      }
    },
    "node_modules/@syncfusion/ej2-compression": {
      "version": "29.2.4",
      "resolved": "https://registry.npmjs.org/@syncfusion/ej2-compression/-/ej2-compression-29.2.4.tgz",
      "integrity": "sha512-mcgFmgtITGxoX4zV4LrFGAOHOQD8Z7is85vQE+k2Bf4OI6rZsLNIQFm6KEFg+sZMOSrABzKzg49yrktmlus4TQ==",
      "license": "SEE LICENSE IN license",
      "dependencies": {
        "@syncfusion/ej2-file-utils": "~29.2.4"
      }
    },
    "node_modules/@syncfusion/ej2-data": {
      "version": "29.2.4",
      "resolved": "https://registry.npmjs.org/@syncfusion/ej2-data/-/ej2-data-29.2.4.tgz",
      "integrity": "sha512-2R+N65OPq+yfwTXyBz7NdD8MHGoxUbJSEWGT0kNEGMiobiI4AL+hfMYEhXWXE+DqL5Pm0txA4gTXQprFXXbccg==",
      "license": "SEE LICENSE IN license",
      "dependencies": {
        "@syncfusion/ej2-base": "~29.2.4"
      }
    },
    "node_modules/@syncfusion/ej2-dropdowns": {
      "version": "29.2.5",
      "resolved": "https://registry.npmjs.org/@syncfusion/ej2-dropdowns/-/ej2-dropdowns-29.2.5.tgz",
      "integrity": "sha512-bVtF/BQSCPLtvZSBwmtR/qxaLXyhlPTQwZPuKMje1tGcpEdOxUE1LCFeweddSMqQmp5hMHbwZ1aP8hh+gEigXQ==",
      "license": "SEE LICENSE IN license",
      "dependencies": {
        "@syncfusion/ej2-base": "~29.2.4",
        "@syncfusion/ej2-data": "~29.2.4",
        "@syncfusion/ej2-inputs": "~29.2.5",
        "@syncfusion/ej2-lists": "~29.2.4",
        "@syncfusion/ej2-navigations": "~29.2.5",
        "@syncfusion/ej2-notifications": "~29.2.4",
        "@syncfusion/ej2-popups": "~29.2.4"
      }
    },
    "node_modules/@syncfusion/ej2-excel-export": {
      "version": "29.2.4",
      "resolved": "https://registry.npmjs.org/@syncfusion/ej2-excel-export/-/ej2-excel-export-29.2.4.tgz",
      "integrity": "sha512-N3VAdlhP+Wq/Uyl82ZSx6x8zL3slgtEKzWb13nrfas7cdJicYrbx02YZru5/euaeE3yGTlbKmhjjLLbkVFU/kQ==",
      "license": "SEE LICENSE IN license",
      "dependencies": {
        "@syncfusion/ej2-base": "~29.2.4",
        "@syncfusion/ej2-compression": "~29.2.4"
      }
    },
    "node_modules/@syncfusion/ej2-file-utils": {
      "version": "29.2.4",
      "resolved": "https://registry.npmjs.org/@syncfusion/ej2-file-utils/-/ej2-file-utils-29.2.4.tgz",
      "integrity": "sha512-nnvZ+1xVULe418habMciZnDAoMOM+TqFaFpO9kf4Cct9RPYUr22Tsvu84CZI7yzzKj/dLfD4n5TRRCHVo+5vVA==",
      "license": "SEE LICENSE IN license"
    },
    "node_modules/@syncfusion/ej2-grids": {
      "version": "29.2.5",
      "resolved": "https://registry.npmjs.org/@syncfusion/ej2-grids/-/ej2-grids-29.2.5.tgz",
      "integrity": "sha512-tn6a4WDt6xbmc2cml5q0RqITqOKJ5JEE62ihSaMypYUhNgenGzkN2ibgaMKlNnpnB6YdeEuTGG1WeVC0i2Q5hQ==",
      "license": "SEE LICENSE IN license",
      "dependencies": {
        "@syncfusion/ej2-base": "~29.2.4",
        "@syncfusion/ej2-buttons": "~29.2.5",
        "@syncfusion/ej2-calendars": "~29.2.5",
        "@syncfusion/ej2-compression": "~29.2.4",
        "@syncfusion/ej2-data": "~29.2.4",
        "@syncfusion/ej2-dropdowns": "~29.2.5",
        "@syncfusion/ej2-excel-export": "~29.2.4",
        "@syncfusion/ej2-file-utils": "~29.2.4",
        "@syncfusion/ej2-inputs": "~29.2.5",
        "@syncfusion/ej2-lists": "~29.2.4",
        "@syncfusion/ej2-navigations": "~29.2.5",
        "@syncfusion/ej2-notifications": "~29.2.4",
        "@syncfusion/ej2-pdf-export": "~29.2.4",
        "@syncfusion/ej2-popups": "~29.2.4",
        "@syncfusion/ej2-splitbuttons": "~29.2.4"
      }
    },
    "node_modules/@syncfusion/ej2-icons": {
      "version": "29.2.4",
      "resolved": "https://registry.npmjs.org/@syncfusion/ej2-icons/-/ej2-icons-29.2.4.tgz",
      "integrity": "sha512-2DYZglxLM++w0S2wB2bcr/Akk1MODdVhfFYLaLqe6mDHDRicFeTEyvnGPx2SHS2EXXlNNFm2GfNWoNNxgs5MhQ==",
      "license": "SEE LICENSE IN license"
    },
    "node_modules/@syncfusion/ej2-inputs": {
      "version": "29.2.5",
      "resolved": "https://registry.npmjs.org/@syncfusion/ej2-inputs/-/ej2-inputs-29.2.5.tgz",
      "integrity": "sha512-3ZqMl005qL0tENHcKvBfKUHMYQ/S0FRYjUDQVDPRsg28tE0Lz87oyamrxLYne3zDBEJ7kxWWnaNpgrTVvxsVNw==",
      "license": "SEE LICENSE IN license",
      "dependencies": {
        "@syncfusion/ej2-base": "~29.2.4",
        "@syncfusion/ej2-buttons": "~29.2.5",
        "@syncfusion/ej2-popups": "~29.2.4",
        "@syncfusion/ej2-splitbuttons": "~29.2.4"
      }
    },
    "node_modules/@syncfusion/ej2-lists": {
      "version": "29.2.4",
      "resolved": "https://registry.npmjs.org/@syncfusion/ej2-lists/-/ej2-lists-29.2.4.tgz",
      "integrity": "sha512-U64nGdZMjnhHG/+YCTF+WhJ3BoUxFyN2DXxv2qlC+wtayMbfioDRwqSQgxTkH8XE4TgrkRFenRtj5SbYLKliSw==",
      "license": "SEE LICENSE IN license",
      "dependencies": {
        "@syncfusion/ej2-base": "~29.2.4",
        "@syncfusion/ej2-buttons": "~29.2.4",
        "@syncfusion/ej2-data": "~29.2.4",
        "@syncfusion/ej2-popups": "~29.2.4"
      }
    },
    "node_modules/@syncfusion/ej2-maps": {
      "version": "29.2.4",
      "resolved": "https://registry.npmjs.org/@syncfusion/ej2-maps/-/ej2-maps-29.2.4.tgz",
      "integrity": "sha512-EjJ2RBzco+mKXLD1a7QAVKtqANVXrQOn7KGPZTgeh/bx1jdbspxZ3IaaKIca0BX4XtgF730sgtOq45D7x5ZQDw==",
      "license": "SEE LICENSE IN license",
      "dependencies": {
        "@syncfusion/ej2-base": "~29.2.4",
        "@syncfusion/ej2-buttons": "~29.2.4",
        "@syncfusion/ej2-compression": "~29.2.4",
        "@syncfusion/ej2-data": "~29.2.4",
        "@syncfusion/ej2-file-utils": "~29.2.4",
        "@syncfusion/ej2-pdf-export": "~29.2.4",
        "@syncfusion/ej2-svg-base": "~29.2.4"
      }
    },
    "node_modules/@syncfusion/ej2-navigations": {
      "version": "29.2.5",
      "resolved": "https://registry.npmjs.org/@syncfusion/ej2-navigations/-/ej2-navigations-29.2.5.tgz",
      "integrity": "sha512-kJvyz5mFKpKl3wwopi4qOggfbcLYSihRl+HTwJPQ88FjUMWXc+loXGPyb2f/i6MSXfwRKXodC+jk7Dm7fv3ATA==",
      "license": "SEE LICENSE IN license",
      "dependencies": {
        "@syncfusion/ej2-base": "~29.2.4",
        "@syncfusion/ej2-buttons": "~29.2.5",
        "@syncfusion/ej2-data": "~29.2.4",
        "@syncfusion/ej2-inputs": "~29.2.5",
        "@syncfusion/ej2-lists": "~29.2.4",
        "@syncfusion/ej2-popups": "~29.2.4"
      }
    },
    "node_modules/@syncfusion/ej2-notifications": {
      "version": "29.2.4",
      "resolved": "https://registry.npmjs.org/@syncfusion/ej2-notifications/-/ej2-notifications-29.2.4.tgz",
      "integrity": "sha512-rB9OuGHWVfnl9aBno+4KRH3aESbakLKYT70V7wjTxwS7u11XbxYwLiA4/YKsTQg/zrgOtcr3Ma1sVOeMYW17gQ==",
      "license": "SEE LICENSE IN license",
      "dependencies": {
        "@syncfusion/ej2-base": "~29.2.4",
        "@syncfusion/ej2-buttons": "~29.2.4",
        "@syncfusion/ej2-popups": "~29.2.4"
      }
    },
    "node_modules/@syncfusion/ej2-pdf-export": {
      "version": "29.2.4",
      "resolved": "https://registry.npmjs.org/@syncfusion/ej2-pdf-export/-/ej2-pdf-export-29.2.4.tgz",
      "integrity": "sha512-Cb5QKYqhuvEb96DzqJT6/nLuan8FkA40mU4Lggg5Ujo1OdIK3Ca5GolM7HStTct4DnU02UKuXTrqoL5umGTfKQ==",
      "license": "SEE LICENSE IN license",
      "dependencies": {
        "@syncfusion/ej2-compression": "~29.2.4"
      }
    },
    "node_modules/@syncfusion/ej2-popups": {
      "version": "29.2.4",
      "resolved": "https://registry.npmjs.org/@syncfusion/ej2-popups/-/ej2-popups-29.2.4.tgz",
      "integrity": "sha512-wYxSEKGRNBlD54GjMH+GSmfwXKxXw/hudbHAaNXCMFzNHLTjLmn3FYs36Z1YA8HDqBSZDUCgQCgOeD4AWTy3uA==",
      "license": "SEE LICENSE IN license",
      "dependencies": {
        "@syncfusion/ej2-base": "~29.2.4",
        "@syncfusion/ej2-buttons": "~29.2.4"
      }
    },
    "node_modules/@syncfusion/ej2-react-base": {
      "version": "29.2.4",
      "resolved": "https://registry.npmjs.org/@syncfusion/ej2-react-base/-/ej2-react-base-29.2.4.tgz",
      "integrity": "sha512-Yri3M0IU6JJyrdLi+r7Ai1cejRwvOkqTxpZ/TG6gqcf2jaisvbATq0SrrTYXeFsXmHGpjfg6aCUtkRoexYwmrg==",
      "license": "SEE LICENSE IN license",
      "dependencies": {
        "@syncfusion/ej2-base": "~29.2.4"
      }
    },
    "node_modules/@syncfusion/ej2-react-buttons": {
      "version": "29.2.5",
      "resolved": "https://registry.npmjs.org/@syncfusion/ej2-react-buttons/-/ej2-react-buttons-29.2.5.tgz",
      "integrity": "sha512-L7XH6Tr7Eyq99xTpPWdcuCOXs0f6d1EjSO+ppjOcmiskdQMxCJO+Soew4ABzRHVamulmpkzlTzRsqJjtHn75fw==",
      "license": "SEE LICENSE IN license",
      "dependencies": {
        "@syncfusion/ej2-base": "~29.2.4",
        "@syncfusion/ej2-buttons": "29.2.5",
        "@syncfusion/ej2-react-base": "~29.2.4"
      }
    },
    "node_modules/@syncfusion/ej2-react-charts": {
      "version": "29.2.5",
      "resolved": "https://registry.npmjs.org/@syncfusion/ej2-react-charts/-/ej2-react-charts-29.2.5.tgz",
      "integrity": "sha512-FNTfJdD8q49HZ2h67FTnkllbe51P4OjQDZzl3PgHqE9rpc9HmSO4JsJovC/o7fHhe0QM3sgPid3WJikXGLkeSg==",
      "license": "SEE LICENSE IN license",
      "dependencies": {
        "@syncfusion/ej2-base": "~29.2.4",
        "@syncfusion/ej2-charts": "29.2.5",
        "@syncfusion/ej2-react-base": "~29.2.4"
      }
    },
    "node_modules/@syncfusion/ej2-react-dropdowns": {
      "version": "29.2.5",
      "resolved": "https://registry.npmjs.org/@syncfusion/ej2-react-dropdowns/-/ej2-react-dropdowns-29.2.5.tgz",
      "integrity": "sha512-uZ1DIAfsmMuy6ny2HM7Jo9PCm85VWjBHJRFy9xvcNEO73fkDvzgRY8eKdX7kU6l45XqDpViEMBcyglVj2bn9uQ==",
      "license": "SEE LICENSE IN license",
      "dependencies": {
        "@syncfusion/ej2-base": "~29.2.4",
        "@syncfusion/ej2-dropdowns": "29.2.5",
        "@syncfusion/ej2-react-base": "~29.2.4"
      }
    },
    "node_modules/@syncfusion/ej2-react-grids": {
      "version": "29.2.5",
      "resolved": "https://registry.npmjs.org/@syncfusion/ej2-react-grids/-/ej2-react-grids-29.2.5.tgz",
      "integrity": "sha512-VYmi7+Tvjdep5paRttc6/M9Zw2yzen+404yi+bSwADg4WYzqJ1+YI8dL+BLJU/xtQKz0bRb+FsHtVLNCS3vNcQ==",
      "license": "SEE LICENSE IN license",
      "dependencies": {
        "@syncfusion/ej2-base": "~29.2.4",
        "@syncfusion/ej2-grids": "29.2.5",
        "@syncfusion/ej2-react-base": "~29.2.4"
      }
    },
    "node_modules/@syncfusion/ej2-react-maps": {
      "version": "29.2.4",
      "resolved": "https://registry.npmjs.org/@syncfusion/ej2-react-maps/-/ej2-react-maps-29.2.4.tgz",
      "integrity": "sha512-zuNA+/v3cMdQ+YsSwve3p3WI+VOrM43ZIY6JMBHSXAzztLvGEd+zkZQj53vpLWvvkOWbPmxdzCC3OCMsO6BDxg==",
      "license": "SEE LICENSE IN license",
      "dependencies": {
        "@syncfusion/ej2-base": "~29.2.4",
        "@syncfusion/ej2-maps": "29.2.4",
        "@syncfusion/ej2-react-base": "~29.2.4"
      }
    },
    "node_modules/@syncfusion/ej2-react-navigations": {
      "version": "29.2.5",
      "resolved": "https://registry.npmjs.org/@syncfusion/ej2-react-navigations/-/ej2-react-navigations-29.2.5.tgz",
      "integrity": "sha512-DObyKsO1QRliPQOIsu3ngwHLUO9R7N2nT5rmHa1f0sywx/COB7K7TUD6+VoKQuyRxT7IotrGgd7gjiEf78VCiA==",
      "license": "SEE LICENSE IN license",
      "dependencies": {
        "@syncfusion/ej2-base": "~29.2.4",
        "@syncfusion/ej2-navigations": "29.2.5",
        "@syncfusion/ej2-react-base": "~29.2.4"
      }
    },
    "node_modules/@syncfusion/ej2-react-splitbuttons": {
      "version": "29.2.4",
      "resolved": "https://registry.npmjs.org/@syncfusion/ej2-react-splitbuttons/-/ej2-react-splitbuttons-29.2.4.tgz",
      "integrity": "sha512-NQ13W2ytr6VP7qz9Ii5GME5txKV0vxPkvUBbr57vevITjcjBHAQz3DkEg2dQl9A+kNaXiZpO1/gKu5klusF/Ww==",
      "license": "SEE LICENSE IN license",
      "dependencies": {
        "@syncfusion/ej2-base": "~29.2.4",
        "@syncfusion/ej2-react-base": "~29.2.4",
        "@syncfusion/ej2-splitbuttons": "29.2.4"
      }
    },
    "node_modules/@syncfusion/ej2-splitbuttons": {
      "version": "29.2.4",
      "resolved": "https://registry.npmjs.org/@syncfusion/ej2-splitbuttons/-/ej2-splitbuttons-29.2.4.tgz",
      "integrity": "sha512-sZKs0IZJ6+rDK2OLRl+m5Rs1ai84GE9NV2hpDG5CPFv5uM5WoOf33qYOyp6BSuBerpobpycoXDWH/mh1fZSCDw==",
      "license": "SEE LICENSE IN license",
      "dependencies": {
        "@syncfusion/ej2-base": "~29.2.4",
        "@syncfusion/ej2-popups": "~29.2.4"
      }
    },
    "node_modules/@syncfusion/ej2-svg-base": {
      "version": "29.2.4",
      "resolved": "https://registry.npmjs.org/@syncfusion/ej2-svg-base/-/ej2-svg-base-29.2.4.tgz",
      "integrity": "sha512-rLEnJTBQ1AxmfiBo4T/sGwG0fOTVPyLVa3NDMx9Bre6yIjEbezHyRu5ujrFubgVDNLQZ1StkEnGlGVduPrr3fA==",
      "license": "SEE LICENSE IN license",
      "dependencies": {
        "@syncfusion/ej2-base": "~29.2.4"
      }
    },
    "node_modules/clsx": {
      "version": "2.1.1",
      "resolved": "https://registry.npmjs.org/clsx/-/clsx-2.1.1.tgz",
      "integrity": "sha512-eYm0QWBtUrBWZWG0d386OGAw16Z995PiOVo2B7bjWSbHedGl5e0ZWaq65kOGgUSNesEIDkB9ISbTg/JK9dhCZA==",
      "license": "MIT",
      "engines": {
        "node": ">=6"
      }
    },
    "node_modules/tailwind-merge": {
      "version": "3.3.0",
      "resolved": "https://registry.npmjs.org/tailwind-merge/-/tailwind-merge-3.3.0.tgz",
      "integrity": "sha512-fyW/pEfcQSiigd5SNn0nApUOxx0zB/dm6UDU/rEwc2c3sX2smWUNbapHv+QRqLGVp9GWX3THIa7MUGPo+YkDzQ==",
      "license": "MIT",
      "funding": {
        "type": "github",
        "url": "https://github.com/sponsors/dcastil"
      }
    }
  }
}
